# This file is autogenerated, do not edit; changes may be undone by the next 'dep ensure'.


[[projects]]
  name = "github.com/Azure/azure-pipeline-go"
  packages = ["pipeline"]
  revision = "7571e8eb0876932ab505918ff7ed5107773e5ee2"
  version = "0.1.7"

[[projects]]
  branch = "master"
  name = "github.com/Azure/azure-storage-blob-go"
  packages = ["2017-07-29/azblob"]
  revision = "67440baa31716bc29c9d0c48b1653f9afad3909b"

[solve-meta]
  analyzer-name = "dep"
  analyzer-version = 1
  inputs-digest = "737ca1477e935727d8c738c1e91e191f9493f23f3488d4b8898ce57075cf72f6"
  solver-name = "gps-cdcl"
  solver-version = 1
